<?xml version="1.0" encoding="utf-8"?>
<Project ToolsVersion="4.0" xmlns="http://schemas.microsoft.com/developer/msbuild/2003">
  <ItemGroup>
    <ClCompile Include="main.cpp" />
    <ClCompile Include="Program.cpp" />
    <ClCompile Include="..\ext\glad\src\glad.c">
      <Filter>ext</Filter>
    </ClCompile>
    <ClCompile Include="GLSL.cpp" />
    <ClCompile Include="WindowManager.cpp" />
    <ClCompile Include="Shape.cpp" />
    <ClCompile Include="MatrixStack.cpp" />
    <ClCompile Include="GLTextureWriter.cpp" />
    <ClCompile Include="Texture.cpp" />
    <ClCompile Include="tiny_obj_loader.cpp">
      <Filter>ext</Filter>
    </ClCompile>
    <ClCompile Include="Application.cpp" />
    <ClCompile Include="Camera.cpp" />
    <ClCompile Include="DefaultGraphicsComponent.cpp" />
    <ClCompile Include="DefaultPhysicsComponent.cpp" />
    <ClCompile Include="GameObject.cpp" />
    <ClCompile Include="HelicopterInputComponent.cpp" />
    <ClCompile Include="HeliPhysicsComponent.cpp" />
    <ClCompile Include="HumanInputComponent.cpp" />
    <ClCompile Include="HumanPhysicsComponent.cpp" />
    <ClCompile Include="Model.cpp" />
    <ClCompile Include="PlayerInputComponent.cpp" />
    <ClCompile Include="State.cpp" />
  </ItemGroup>
  <ItemGroup>
    <ClInclude Include="Program.h" />
    <ClInclude Include="GLSL.h" />
    <ClInclude Include="WindowManager.h" />
    <ClInclude Include="Shape.h" />
    <ClInclude Include="tiny_obj_loader.h">
      <Filter>ext</Filter>
    </ClInclude>
    <ClInclude Include="MatrixStack.h" />
    <ClInclude Include="GLTextureWriter.h" />
    <ClInclude Include="stb_image.h" />
    <ClInclude Include="stb_image_write.h" />
    <ClInclude Include="Texture.h" />
    <ClInclude Include="Application.hpp" />
    <ClInclude Include="Camera.hpp" />
    <ClInclude Include="Component.hpp" />
    <ClInclude Include="DDS_Loader.hpp" />
    <ClInclude Include="DefaultGraphicsComponent.hpp" />
    <ClInclude Include="DefaultPhysicsComponent.hpp" />
    <ClInclude Include="GameObject.hpp" />
    <ClInclude Include="HelicopterInputComponent.hpp" />
    <ClInclude Include="HeliPhysicsComponent.hpp" />
    <ClInclude Include="HumanInputComponent.hpp" />
    <ClInclude Include="HumanPhysicsComponent.hpp" />
    <ClInclude Include="Model.h" />
    <ClInclude Include="PlayerInputComponent.hpp" />
    <ClInclude Include="State.hpp" />
  </ItemGroup>
  <ItemGroup>
    <Filter Include="ext">
      <UniqueIdentifier>{a1735e5b-c01d-45eb-b937-869f0ba27591}</UniqueIdentifier>
    </Filter>
  </ItemGroup>
</Project>